
Microsoft Visual Studio Solution File, Format Version 12.00
# Visual Studio Version 17
VisualStudioVersion = 17.11.35312.102
MinimumVisualStudioVersion = 10.0.40219.1
Project("{FAE04EC0-301F-11D3-BF4B-00C04F79EFBC}") = "Converter", "Converter.csproj", "{D456C2E3-749B-4277-983E-BC116F30D9FE}"
EndProject
Global
	GlobalSection(SolutionConfigurationPlatforms) = preSolution
		Debug|Any CPU = Debug|Any CPU
		Release|Any CPU = Release|Any CPU
	EndGlobalSection
	GlobalSection(ProjectConfigurationPlatforms) = postSolution
		{D456C2E3-749B-4277-983E-BC116F30D9FE}.Debug|Any CPU.ActiveCfg = Debug|Any CPU
		{D456C2E3-749B-4277-983E-BC116F30D9FE}.Debug|Any CPU.Build.0 = Debug|Any CPU
		{D456C2E3-749B-4277-983E-BC116F30D9FE}.Release|Any CPU.ActiveCfg = Release|Any CPU
		{D456C2E3-749B-4277-983E-BC116F30D9FE}.Release|Any CPU.Build.0 = Release|Any CPU
	EndGlobalSection
	GlobalSection(SolutionProperties) = preSolution
		HideSolutionNode = FALSE
	EndGlobalSection
	GlobalSection(ExtensibilityGlobals) = postSolution
		SolutionGuid = {9116C81F-20DD-4A15-8D55-FB1D40123FFF}
	EndGlobalSection
EndGlobal
